
Microsoft Visual Studio Solution File, Format Version 12.00
# Visual Studio Version 17
VisualStudioVersion = 17.10.35004.147
MinimumVisualStudioVersion = 10.0.40219.1
Project("{9A19103F-16F7-4668-BE54-9A1E7A4F7556}") = "WebAPI", "WebAPI\WebAPI.csproj", "{BCDFD191-4A52-4A5F-94EF-C5583EFB8E99}"
EndProject
Project("{9A19103F-16F7-4668-BE54-9A1E7A4F7556}") = "WebDomain", "WebDomain\WebDomain.csproj", "{1BAA5027-88C2-4486-A3BE-60844699928C}"
EndProject
Project("{9A19103F-16F7-4668-BE54-9A1E7A4F7556}") = "WebDataAccess", "WebDataAccess\WebDataAccess.csproj", "{7544FB49-A181-4B50-B840-065032464511}"
EndProject
Project("{9A19103F-16F7-4668-BE54-9A1E7A4F7556}") = "HybridyApps", "HybridyApps\HybridyApps.csproj", "{5FD51EDD-B540-497B-8858-398E72E9243B}"
EndProject
Project("{9A19103F-16F7-4668-BE54-9A1E7A4F7556}") = "CommonUI", "CommonUI\CommonUI.csproj", "{7BD4507A-41A9-4AA5-ACEC-F5FBE9C0C0B3}"
EndProject
Project("{FAE04EC0-301F-11D3-BF4B-00C04F79EFBC}") = "HybridyWeb", "HybridyWeb\HybridyWeb.csproj", "{CD78C5D1-9EC6-4813-A60E-5049BF28EBB2}"
EndProject
Global
	GlobalSection(SolutionConfigurationPlatforms) = preSolution
		Debug|Any CPU = Debug|Any CPU
		Release|Any CPU = Release|Any CPU
	EndGlobalSection
	GlobalSection(ProjectConfigurationPlatforms) = postSolution
		{BCDFD191-4A52-4A5F-94EF-C5583EFB8E99}.Debug|Any CPU.ActiveCfg = Debug|Any CPU
		{BCDFD191-4A52-4A5F-94EF-C5583EFB8E99}.Debug|Any CPU.Build.0 = Debug|Any CPU
		{BCDFD191-4A52-4A5F-94EF-C5583EFB8E99}.Release|Any CPU.ActiveCfg = Release|Any CPU
		{BCDFD191-4A52-4A5F-94EF-C5583EFB8E99}.Release|Any CPU.Build.0 = Release|Any CPU
		{1BAA5027-88C2-4486-A3BE-60844699928C}.Debug|Any CPU.ActiveCfg = Debug|Any CPU
		{1BAA5027-88C2-4486-A3BE-60844699928C}.Debug|Any CPU.Build.0 = Debug|Any CPU
		{1BAA5027-88C2-4486-A3BE-60844699928C}.Release|Any CPU.ActiveCfg = Release|Any CPU
		{1BAA5027-88C2-4486-A3BE-60844699928C}.Release|Any CPU.Build.0 = Release|Any CPU
		{7544FB49-A181-4B50-B840-065032464511}.Debug|Any CPU.ActiveCfg = Debug|Any CPU
		{7544FB49-A181-4B50-B840-065032464511}.Debug|Any CPU.Build.0 = Debug|Any CPU
		{7544FB49-A181-4B50-B840-065032464511}.Release|Any CPU.ActiveCfg = Release|Any CPU
		{7544FB49-A181-4B50-B840-065032464511}.Release|Any CPU.Build.0 = Release|Any CPU
		{5FD51EDD-B540-497B-8858-398E72E9243B}.Debug|Any CPU.ActiveCfg = Debug|Any CPU
		{5FD51EDD-B540-497B-8858-398E72E9243B}.Debug|Any CPU.Build.0 = Debug|Any CPU
		{5FD51EDD-B540-497B-8858-398E72E9243B}.Debug|Any CPU.Deploy.0 = Debug|Any CPU
		{5FD51EDD-B540-497B-8858-398E72E9243B}.Release|Any CPU.ActiveCfg = Release|Any CPU
		{5FD51EDD-B540-497B-8858-398E72E9243B}.Release|Any CPU.Build.0 = Release|Any CPU
		{5FD51EDD-B540-497B-8858-398E72E9243B}.Release|Any CPU.Deploy.0 = Release|Any CPU
		{7BD4507A-41A9-4AA5-ACEC-F5FBE9C0C0B3}.Debug|Any CPU.ActiveCfg = Debug|Any CPU
		{7BD4507A-41A9-4AA5-ACEC-F5FBE9C0C0B3}.Debug|Any CPU.Build.0 = Debug|Any CPU
		{7BD4507A-41A9-4AA5-ACEC-F5FBE9C0C0B3}.Release|Any CPU.ActiveCfg = Release|Any CPU
		{7BD4507A-41A9-4AA5-ACEC-F5FBE9C0C0B3}.Release|Any CPU.Build.0 = Release|Any CPU
		{CD78C5D1-9EC6-4813-A60E-5049BF28EBB2}.Debug|Any CPU.ActiveCfg = Debug|Any CPU
		{CD78C5D1-9EC6-4813-A60E-5049BF28EBB2}.Debug|Any CPU.Build.0 = Debug|Any CPU
		{CD78C5D1-9EC6-4813-A60E-5049BF28EBB2}.Release|Any CPU.ActiveCfg = Release|Any CPU
		{CD78C5D1-9EC6-4813-A60E-5049BF28EBB2}.Release|Any CPU.Build.0 = Release|Any CPU
	EndGlobalSection
	GlobalSection(SolutionProperties) = preSolution
		HideSolutionNode = FALSE
	EndGlobalSection
	GlobalSection(ExtensibilityGlobals) = postSolution
		SolutionGuid = {7E062599-BE6C-4056-AF9E-C0DA8FBCB1C2}
	EndGlobalSection
EndGlobal
